
Microsoft Visual Studio Solution File, Format Version 12.00
# Visual Studio Version 17
VisualStudioVersion = 17.5.002.0
MinimumVisualStudioVersion = 10.0.40219.1
Project("{9A19103F-16F7-4668-BE54-9A1E7A4F7556}") = "DotnetAPI", "DotnetAPI.csproj", "{7EDEF9AD-1537-4212-976F-A6AFBC85FBF1}"
EndProject
Global
	GlobalSection(SolutionConfigurationPlatforms) = preSolution
		Debug|Any CPU = Debug|Any CPU
		Release|Any CPU = Release|Any CPU
	EndGlobalSection
	GlobalSection(ProjectConfigurationPlatforms) = postSolution
		{7EDEF9AD-1537-4212-976F-A6AFBC85FBF1}.Debug|Any CPU.ActiveCfg = Debug|Any CPU
		{7EDEF9AD-1537-4212-976F-A6AFBC85FBF1}.Debug|Any CPU.Build.0 = Debug|Any CPU
		{7EDEF9AD-1537-4212-976F-A6AFBC85FBF1}.Release|Any CPU.ActiveCfg = Release|Any CPU
		{7EDEF9AD-1537-4212-976F-A6AFBC85FBF1}.Release|Any CPU.Build.0 = Release|Any CPU
	EndGlobalSection
	GlobalSection(SolutionProperties) = preSolution
		HideSolutionNode = FALSE
	EndGlobalSection
	GlobalSection(ExtensibilityGlobals) = postSolution
		SolutionGuid = {C2BA345C-B3D9-48BF-98CF-EAE02F438469}
	EndGlobalSection
EndGlobal
